
Microsoft Visual Studio Solution File, Format Version 12.00
# Visual Studio Version 17
VisualStudioVersion = 17.8.34309.116
MinimumVisualStudioVersion = 10.0.40219.1
Project("{FAE04EC0-301F-11D3-BF4B-00C04F79EFBC}") = "CryptoCurrencies", "CryptoCurrencies\CryptoCurrencies.csproj", "{8C822DDD-E8A6-4BE6-8F60-007086E50B3E}"
EndProject
Global
	GlobalSection(SolutionConfigurationPlatforms) = preSolution
		Debug|Any CPU = Debug|Any CPU
		Release|Any CPU = Release|Any CPU
	EndGlobalSection
	GlobalSection(ProjectConfigurationPlatforms) = postSolution
		{8C822DDD-E8A6-4BE6-8F60-007086E50B3E}.Debug|Any CPU.ActiveCfg = Debug|Any CPU
		{8C822DDD-E8A6-4BE6-8F60-007086E50B3E}.Debug|Any CPU.Build.0 = Debug|Any CPU
		{8C822DDD-E8A6-4BE6-8F60-007086E50B3E}.Release|Any CPU.ActiveCfg = Release|Any CPU
		{8C822DDD-E8A6-4BE6-8F60-007086E50B3E}.Release|Any CPU.Build.0 = Release|Any CPU
	EndGlobalSection
	GlobalSection(SolutionProperties) = preSolution
		HideSolutionNode = FALSE
	EndGlobalSection
	GlobalSection(ExtensibilityGlobals) = postSolution
		SolutionGuid = {785A057A-4F86-4036-B4CB-ACA279C183BB}
	EndGlobalSection
EndGlobal
